
Microsoft Visual Studio Solution File, Format Version 12.00
# Visual Studio Version 17
VisualStudioVersion = 17.7.34031.279
MinimumVisualStudioVersion = 10.0.40219.1
Project("{8BC9CEB8-8B4A-11D0-8D11-00A0C91BC942}") = "Cookies Lab 2 9.22.2023", "Cookies Lab 2 9.22.2023\Cookies Lab 2 9.22.2023.vcxproj", "{F87F0D2E-2895-4E24-984A-65A0A6172A54}"
EndProject
Global
	GlobalSection(SolutionConfigurationPlatforms) = preSolution
		Debug|x64 = Debug|x64
		Debug|x86 = Debug|x86
		Release|x64 = Release|x64
		Release|x86 = Release|x86
	EndGlobalSection
	GlobalSection(ProjectConfigurationPlatforms) = postSolution
		{F87F0D2E-2895-4E24-984A-65A0A6172A54}.Debug|x64.ActiveCfg = Debug|x64
		{F87F0D2E-2895-4E24-984A-65A0A6172A54}.Debug|x64.Build.0 = Debug|x64
		{F87F0D2E-2895-4E24-984A-65A0A6172A54}.Debug|x86.ActiveCfg = Debug|Win32
		{F87F0D2E-2895-4E24-984A-65A0A6172A54}.Debug|x86.Build.0 = Debug|Win32
		{F87F0D2E-2895-4E24-984A-65A0A6172A54}.Release|x64.ActiveCfg = Release|x64
		{F87F0D2E-2895-4E24-984A-65A0A6172A54}.Release|x64.Build.0 = Release|x64
		{F87F0D2E-2895-4E24-984A-65A0A6172A54}.Release|x86.ActiveCfg = Release|Win32
		{F87F0D2E-2895-4E24-984A-65A0A6172A54}.Release|x86.Build.0 = Release|Win32
	EndGlobalSection
	GlobalSection(SolutionProperties) = preSolution
		HideSolutionNode = FALSE
	EndGlobalSection
	GlobalSection(ExtensibilityGlobals) = postSolution
		SolutionGuid = {CE8980C9-0824-4473-9B8D-9C696B16F9AC}
	EndGlobalSection
EndGlobal
